
Microsoft Visual Studio Solution File, Format Version 12.00
# Visual Studio Version 17
VisualStudioVersion = 17.3.32804.467
MinimumVisualStudioVersion = 10.0.40219.1
Project("{FAE04EC0-301F-11D3-BF4B-00C04F79EFBC}") = "GitProject", "GitProject.csproj", "{E173FFEF-DA7B-4D3E-9754-8D1425363452}"
EndProject
Global
	GlobalSection(SolutionConfigurationPlatforms) = preSolution
		Debug|Any CPU = Debug|Any CPU
		Release|Any CPU = Release|Any CPU
	EndGlobalSection
	GlobalSection(ProjectConfigurationPlatforms) = postSolution
		{E173FFEF-DA7B-4D3E-9754-8D1425363452}.Debug|Any CPU.ActiveCfg = Debug|Any CPU
		{E173FFEF-DA7B-4D3E-9754-8D1425363452}.Debug|Any CPU.Build.0 = Debug|Any CPU
		{E173FFEF-DA7B-4D3E-9754-8D1425363452}.Release|Any CPU.ActiveCfg = Release|Any CPU
		{E173FFEF-DA7B-4D3E-9754-8D1425363452}.Release|Any CPU.Build.0 = Release|Any CPU
	EndGlobalSection
	GlobalSection(SolutionProperties) = preSolution
		HideSolutionNode = FALSE
	EndGlobalSection
	GlobalSection(ExtensibilityGlobals) = postSolution
		SolutionGuid = {30F08ADB-4020-4780-BD9B-4A08B6BF9EF1}
	EndGlobalSection
EndGlobal
